
Microsoft Visual Studio Solution File, Format Version 12.00
# Visual Studio Version 16
VisualStudioVersion = 16.0.29418.71
MinimumVisualStudioVersion = 10.0.40219.1
Project("{FAE04EC0-301F-11D3-BF4B-00C04F79EFBC}") = "KWIC", "KWIC\KWIC.csproj", "{1DDC06FD-6364-4C6C-96AF-2B82A18C5882}"
EndProject
Global
	GlobalSection(SolutionConfigurationPlatforms) = preSolution
		Debug|Any CPU = Debug|Any CPU
		Release|Any CPU = Release|Any CPU
	EndGlobalSection
	GlobalSection(ProjectConfigurationPlatforms) = postSolution
		{1DDC06FD-6364-4C6C-96AF-2B82A18C5882}.Debug|Any CPU.ActiveCfg = Debug|Any CPU
		{1DDC06FD-6364-4C6C-96AF-2B82A18C5882}.Debug|Any CPU.Build.0 = Debug|Any CPU
		{1DDC06FD-6364-4C6C-96AF-2B82A18C5882}.Release|Any CPU.ActiveCfg = Release|Any CPU
		{1DDC06FD-6364-4C6C-96AF-2B82A18C5882}.Release|Any CPU.Build.0 = Release|Any CPU
	EndGlobalSection
	GlobalSection(SolutionProperties) = preSolution
		HideSolutionNode = FALSE
	EndGlobalSection
	GlobalSection(ExtensibilityGlobals) = postSolution
		SolutionGuid = {E6E07F7D-0544-40EA-94CA-49C6123FA6FD}
	EndGlobalSection
EndGlobal
